
Microsoft Visual Studio Solution File, Format Version 12.00
# Visual Studio 15
Project("{FAE04EC0-301F-11D3-BF4B-00C04F79EFBC}") = "Chatta.Android", "Chatta.Android\Chatta.Android.csproj", "{73605A03-1B40-42D6-B673-6214A7B3B408}"
EndProject
Project("{FAE04EC0-301F-11D3-BF4B-00C04F79EFBC}") = "Chatta.iOS", "Chatta.iOS\Chatta.iOS.csproj", "{F9A7BA50-4661-495B-9BB9-E1422045E181}"
EndProject
Project("{FAE04EC0-301F-11D3-BF4B-00C04F79EFBC}") = "Chatta.UITests", "Chatta.UITests\Chatta.UITests.csproj", "{378028E7-3EB5-4EE0-9DFE-CC0E07D9B740}"
EndProject
Project("{FAE04EC0-301F-11D3-BF4B-00C04F79EFBC}") = "Chatta", "Chatta\Chatta.csproj", "{42B6196F-BF65-4B14-AC01-9E530C17E600}"
EndProject
Global
	GlobalSection(SolutionConfigurationPlatforms) = preSolution
		Debug|Any CPU = Debug|Any CPU
		Release|Any CPU = Release|Any CPU
		Debug|iPhoneSimulator = Debug|iPhoneSimulator
		Release|iPhoneSimulator = Release|iPhoneSimulator
		Debug|iPhone = Debug|iPhone
		Release|iPhone = Release|iPhone
	EndGlobalSection
	GlobalSection(ProjectConfigurationPlatforms) = postSolution
		{73605A03-1B40-42D6-B673-6214A7B3B408}.Debug|Any CPU.ActiveCfg = Debug|Any CPU
		{73605A03-1B40-42D6-B673-6214A7B3B408}.Debug|Any CPU.Build.0 = Debug|Any CPU
		{73605A03-1B40-42D6-B673-6214A7B3B408}.Release|Any CPU.ActiveCfg = Release|Any CPU
		{73605A03-1B40-42D6-B673-6214A7B3B408}.Release|Any CPU.Build.0 = Release|Any CPU
		{73605A03-1B40-42D6-B673-6214A7B3B408}.Debug|iPhoneSimulator.ActiveCfg = Debug|Any CPU
		{73605A03-1B40-42D6-B673-6214A7B3B408}.Debug|iPhoneSimulator.Build.0 = Debug|Any CPU
		{73605A03-1B40-42D6-B673-6214A7B3B408}.Release|iPhoneSimulator.ActiveCfg = Release|Any CPU
		{73605A03-1B40-42D6-B673-6214A7B3B408}.Release|iPhoneSimulator.Build.0 = Release|Any CPU
		{73605A03-1B40-42D6-B673-6214A7B3B408}.Debug|iPhone.ActiveCfg = Debug|Any CPU
		{73605A03-1B40-42D6-B673-6214A7B3B408}.Debug|iPhone.Build.0 = Debug|Any CPU
		{73605A03-1B40-42D6-B673-6214A7B3B408}.Release|iPhone.ActiveCfg = Release|Any CPU
		{73605A03-1B40-42D6-B673-6214A7B3B408}.Release|iPhone.Build.0 = Release|Any CPU
		{F9A7BA50-4661-495B-9BB9-E1422045E181}.Debug|Any CPU.ActiveCfg = Debug|iPhoneSimulator
		{F9A7BA50-4661-495B-9BB9-E1422045E181}.Debug|Any CPU.Build.0 = Debug|iPhoneSimulator
		{F9A7BA50-4661-495B-9BB9-E1422045E181}.Release|Any CPU.ActiveCfg = Release|iPhoneSimulator
		{F9A7BA50-4661-495B-9BB9-E1422045E181}.Release|Any CPU.Build.0 = Release|iPhoneSimulator
		{F9A7BA50-4661-495B-9BB9-E1422045E181}.Debug|iPhoneSimulator.ActiveCfg = Debug|iPhoneSimulator
		{F9A7BA50-4661-495B-9BB9-E1422045E181}.Debug|iPhoneSimulator.Build.0 = Debug|iPhoneSimulator
		{F9A7BA50-4661-495B-9BB9-E1422045E181}.Release|iPhoneSimulator.ActiveCfg = Release|iPhoneSimulator
		{F9A7BA50-4661-495B-9BB9-E1422045E181}.Release|iPhoneSimulator.Build.0 = Release|iPhoneSimulator
		{F9A7BA50-4661-495B-9BB9-E1422045E181}.Debug|iPhone.ActiveCfg = Debug|iPhone
		{F9A7BA50-4661-495B-9BB9-E1422045E181}.Debug|iPhone.Build.0 = Debug|iPhone
		{F9A7BA50-4661-495B-9BB9-E1422045E181}.Release|iPhone.ActiveCfg = Release|iPhone
		{F9A7BA50-4661-495B-9BB9-E1422045E181}.Release|iPhone.Build.0 = Release|iPhone
		{378028E7-3EB5-4EE0-9DFE-CC0E07D9B740}.Debug|Any CPU.ActiveCfg = Debug|Any CPU
		{378028E7-3EB5-4EE0-9DFE-CC0E07D9B740}.Debug|Any CPU.Build.0 = Debug|Any CPU
		{378028E7-3EB5-4EE0-9DFE-CC0E07D9B740}.Release|Any CPU.ActiveCfg = Release|Any CPU
		{378028E7-3EB5-4EE0-9DFE-CC0E07D9B740}.Release|Any CPU.Build.0 = Release|Any CPU
		{378028E7-3EB5-4EE0-9DFE-CC0E07D9B740}.Debug|iPhoneSimulator.ActiveCfg = Debug|Any CPU
		{378028E7-3EB5-4EE0-9DFE-CC0E07D9B740}.Debug|iPhoneSimulator.Build.0 = Debug|Any CPU
		{378028E7-3EB5-4EE0-9DFE-CC0E07D9B740}.Release|iPhoneSimulator.ActiveCfg = Release|Any CPU
		{378028E7-3EB5-4EE0-9DFE-CC0E07D9B740}.Release|iPhoneSimulator.Build.0 = Release|Any CPU
		{378028E7-3EB5-4EE0-9DFE-CC0E07D9B740}.Debug|iPhone.ActiveCfg = Debug|Any CPU
		{378028E7-3EB5-4EE0-9DFE-CC0E07D9B740}.Debug|iPhone.Build.0 = Debug|Any CPU
		{378028E7-3EB5-4EE0-9DFE-CC0E07D9B740}.Release|iPhone.ActiveCfg = Release|Any CPU
		{378028E7-3EB5-4EE0-9DFE-CC0E07D9B740}.Release|iPhone.Build.0 = Release|Any CPU
		{42B6196F-BF65-4B14-AC01-9E530C17E600}.Debug|Any CPU.ActiveCfg = Debug|Any CPU
		{42B6196F-BF65-4B14-AC01-9E530C17E600}.Debug|Any CPU.Build.0 = Debug|Any CPU
		{42B6196F-BF65-4B14-AC01-9E530C17E600}.Release|Any CPU.ActiveCfg = Release|Any CPU
		{42B6196F-BF65-4B14-AC01-9E530C17E600}.Release|Any CPU.Build.0 = Release|Any CPU
		{42B6196F-BF65-4B14-AC01-9E530C17E600}.Debug|iPhoneSimulator.ActiveCfg = Debug|Any CPU
		{42B6196F-BF65-4B14-AC01-9E530C17E600}.Debug|iPhoneSimulator.Build.0 = Debug|Any CPU
		{42B6196F-BF65-4B14-AC01-9E530C17E600}.Release|iPhoneSimulator.ActiveCfg = Release|Any CPU
		{42B6196F-BF65-4B14-AC01-9E530C17E600}.Release|iPhoneSimulator.Build.0 = Release|Any CPU
		{42B6196F-BF65-4B14-AC01-9E530C17E600}.Debug|iPhone.ActiveCfg = Debug|Any CPU
		{42B6196F-BF65-4B14-AC01-9E530C17E600}.Debug|iPhone.Build.0 = Debug|Any CPU
		{42B6196F-BF65-4B14-AC01-9E530C17E600}.Release|iPhone.ActiveCfg = Release|Any CPU
		{42B6196F-BF65-4B14-AC01-9E530C17E600}.Release|iPhone.Build.0 = Release|Any CPU
	EndGlobalSection
EndGlobal
